<Solution>
  <Folder Name="/src/">
    <Project Path="src/Core/Core.csproj" />
  </Folder>
  <Folder Name="/src/UI/">
    <Project Path="src/UI/Windows/Windows.csproj" />
    <Project Path="src/UI/CLI/CLI.csproj" />
  </Folder>
  <Folder Name="/test/">
    <Project Path="test/Core.Tests/Core.Tests.csproj" />
  </Folder>
  <Folder Name="/lib/Guidelines/src/">
    <Project Path="lib/Guidelines/src/ZBitSystems.Wpf.UI/ZBitSystems.Wpf.UI.csproj" />
  </Folder>
</Solution>
